
Microsoft Visual Studio Solution File, Format Version 12.00
# Visual Studio 15
VisualStudioVersion = 15.0.28307.329
MinimumVisualStudioVersion = 10.0.40219.1
Project("{9A19103F-16F7-4668-BE54-9A1E7A4F7556}") = "VectorRecursive", "VectorRecursive\VectorRecursive.csproj", "{EAB77906-5637-490B-869D-0AC83FBEDBD4}"
EndProject
Project("{9A19103F-16F7-4668-BE54-9A1E7A4F7556}") = "VectorsAssignmentVariant1", "VectorsAssignmentVariant1\VectorsAssignmentVariant1.csproj", "{BAE2024D-690C-4186-9789-829659C28FAB}"
EndProject
Project("{9A19103F-16F7-4668-BE54-9A1E7A4F7556}") = "VectorsAssignmentVariant2", "VectorsAssignmentVariant2\VectorsAssignmentVariant2.csproj", "{907742CB-5F9F-4F31-A7F8-3AB0E7A95F89}"
EndProject
Global
	GlobalSection(SolutionConfigurationPlatforms) = preSolution
		Debug|Any CPU = Debug|Any CPU
		Debug|x64 = Debug|x64
		Release|Any CPU = Release|Any CPU
		Release|x64 = Release|x64
	EndGlobalSection
	GlobalSection(ProjectConfigurationPlatforms) = postSolution
		{EAB77906-5637-490B-869D-0AC83FBEDBD4}.Debug|Any CPU.ActiveCfg = Debug|x64
		{EAB77906-5637-490B-869D-0AC83FBEDBD4}.Debug|x64.ActiveCfg = Debug|x64
		{EAB77906-5637-490B-869D-0AC83FBEDBD4}.Debug|x64.Build.0 = Debug|x64
		{EAB77906-5637-490B-869D-0AC83FBEDBD4}.Release|Any CPU.ActiveCfg = Release|x64
		{EAB77906-5637-490B-869D-0AC83FBEDBD4}.Release|x64.ActiveCfg = Release|x64
		{EAB77906-5637-490B-869D-0AC83FBEDBD4}.Release|x64.Build.0 = Release|x64
		{BAE2024D-690C-4186-9789-829659C28FAB}.Debug|Any CPU.ActiveCfg = Debug|Any CPU
		{BAE2024D-690C-4186-9789-829659C28FAB}.Debug|Any CPU.Build.0 = Debug|Any CPU
		{BAE2024D-690C-4186-9789-829659C28FAB}.Debug|x64.ActiveCfg = Debug|Any CPU
		{BAE2024D-690C-4186-9789-829659C28FAB}.Debug|x64.Build.0 = Debug|Any CPU
		{BAE2024D-690C-4186-9789-829659C28FAB}.Release|Any CPU.ActiveCfg = Release|Any CPU
		{BAE2024D-690C-4186-9789-829659C28FAB}.Release|Any CPU.Build.0 = Release|Any CPU
		{BAE2024D-690C-4186-9789-829659C28FAB}.Release|x64.ActiveCfg = Release|Any CPU
		{BAE2024D-690C-4186-9789-829659C28FAB}.Release|x64.Build.0 = Release|Any CPU
		{907742CB-5F9F-4F31-A7F8-3AB0E7A95F89}.Debug|Any CPU.ActiveCfg = Debug|Any CPU
		{907742CB-5F9F-4F31-A7F8-3AB0E7A95F89}.Debug|Any CPU.Build.0 = Debug|Any CPU
		{907742CB-5F9F-4F31-A7F8-3AB0E7A95F89}.Debug|x64.ActiveCfg = Debug|Any CPU
		{907742CB-5F9F-4F31-A7F8-3AB0E7A95F89}.Debug|x64.Build.0 = Debug|Any CPU
		{907742CB-5F9F-4F31-A7F8-3AB0E7A95F89}.Release|Any CPU.ActiveCfg = Release|Any CPU
		{907742CB-5F9F-4F31-A7F8-3AB0E7A95F89}.Release|Any CPU.Build.0 = Release|Any CPU
		{907742CB-5F9F-4F31-A7F8-3AB0E7A95F89}.Release|x64.ActiveCfg = Release|Any CPU
		{907742CB-5F9F-4F31-A7F8-3AB0E7A95F89}.Release|x64.Build.0 = Release|Any CPU
	EndGlobalSection
	GlobalSection(SolutionProperties) = preSolution
		HideSolutionNode = FALSE
	EndGlobalSection
	GlobalSection(ExtensibilityGlobals) = postSolution
		SolutionGuid = {79905C94-18B0-47E8-BF1E-DD81F88E5EA6}
	EndGlobalSection
EndGlobal
